{
  "requires": true,
  "lockfileVersion": 1,
  "dependencies": {
    "markerjs2": {
      "version": "2.11.1",
      "resolved": "https://registry.npmjs.org/markerjs2/-/markerjs2-2.11.1.tgz",
      "integrity": "sha512-LDL2n8JP07R0S9vdpGVmOZQkTbRyLU7bymEwpC5A9Dd+7G+CblgaowLhtiCnGdBu+kiyFNiGCwC94Fhj/CL5wg=="
    }
  }
}
